
Microsoft Visual Studio Solution File, Format Version 12.00
# Visual Studio Version 16
VisualStudioVersion = 16.0.31729.503
MinimumVisualStudioVersion = 10.0.40219.1
Project("{FAE04EC0-301F-11D3-BF4B-00C04F79EFBC}") = "HelloWorld", "HelloWorld\HelloWorld.csproj", "{4B58B262-3A97-4F0A-A996-7740CD0D87B6}"
EndProject
Global
	GlobalSection(SolutionConfigurationPlatforms) = preSolution
		Debug|Any CPU = Debug|Any CPU
		Release|Any CPU = Release|Any CPU
	EndGlobalSection
	GlobalSection(ProjectConfigurationPlatforms) = postSolution
		{4B58B262-3A97-4F0A-A996-7740CD0D87B6}.Debug|Any CPU.ActiveCfg = Debug|Any CPU
		{4B58B262-3A97-4F0A-A996-7740CD0D87B6}.Debug|Any CPU.Build.0 = Debug|Any CPU
		{4B58B262-3A97-4F0A-A996-7740CD0D87B6}.Release|Any CPU.ActiveCfg = Release|Any CPU
		{4B58B262-3A97-4F0A-A996-7740CD0D87B6}.Release|Any CPU.Build.0 = Release|Any CPU
	EndGlobalSection
	GlobalSection(SolutionProperties) = preSolution
		HideSolutionNode = FALSE
	EndGlobalSection
	GlobalSection(ExtensibilityGlobals) = postSolution
		SolutionGuid = {9CB9EB02-0488-4D18-AD1C-A59C9768B107}
	EndGlobalSection
EndGlobal
